
Microsoft Visual Studio Solution File, Format Version 12.00
Project("{FAE04EC0-301F-11D3-BF4B-00C04F79EFBC}") = "Day01", "Day01\Day01.csproj", "{3A3CC0A7-97A7-49E6-A93D-8C83D079D6E2}"
EndProject
Project("{FAE04EC0-301F-11D3-BF4B-00C04F79EFBC}") = "Day02", "Day02\Day02.csproj", "{52F0796F-7C6B-4E78-AAD3-1417D0E16E6D}"
EndProject
Project("{FAE04EC0-301F-11D3-BF4B-00C04F79EFBC}") = "Day03", "Day03\Day03.csproj", "{B98C4D19-D563-4EF8-9895-8AFE00F2964C}"
EndProject
Project("{FAE04EC0-301F-11D3-BF4B-00C04F79EFBC}") = "Day04", "Day04\Day04.csproj", "{905B4215-CA01-4571-BE93-3F5439DE9A4A}"
EndProject
Project("{FAE04EC0-301F-11D3-BF4B-00C04F79EFBC}") = "Day05", "Day05\Day05.csproj", "{FF44776D-2610-40DF-BAD4-5D12FE55AE20}"
EndProject
Project("{FAE04EC0-301F-11D3-BF4B-00C04F79EFBC}") = "Day06", "Day06\Day06.csproj", "{6F3C6203-EAB0-4370-B3CB-EEDE06790BFF}"
EndProject
Project("{FAE04EC0-301F-11D3-BF4B-00C04F79EFBC}") = "Day07", "Day07\Day07.csproj", "{D097F116-B3FD-4B22-9FA0-718C45B19AE0}"
EndProject
Project("{FAE04EC0-301F-11D3-BF4B-00C04F79EFBC}") = "Day08", "Day08\Day08.csproj", "{65F0D4DF-4BB6-457F-BA72-E23A2D19669A}"
EndProject
Project("{FAE04EC0-301F-11D3-BF4B-00C04F79EFBC}") = "Day09", "Day09\Day09.csproj", "{C7DEC380-75EE-45FC-97D0-F5D93294E4FE}"
EndProject
Project("{FAE04EC0-301F-11D3-BF4B-00C04F79EFBC}") = "Day10", "Day10\Day10.csproj", "{FA48EC61-9601-4FA1-B5EE-A302CD3B3C70}"
EndProject
Project("{FAE04EC0-301F-11D3-BF4B-00C04F79EFBC}") = "Day11", "Day11\Day11.csproj", "{17443A62-820F-4990-BB07-E1797E0621E1}"
EndProject
Project("{FAE04EC0-301F-11D3-BF4B-00C04F79EFBC}") = "Day13", "Day13\Day13.csproj", "{E631CEE7-138F-4DA3-B608-74C3E216176E}"
EndProject
Project("{FAE04EC0-301F-11D3-BF4B-00C04F79EFBC}") = "Day12", "Day12\Day12.csproj", "{B5FB09DB-8E7A-482E-B2C1-94FAB6D09964}"
EndProject
Project("{FAE04EC0-301F-11D3-BF4B-00C04F79EFBC}") = "Day14", "Day14\Day14.csproj", "{818FCD73-0585-429B-9B2F-1DB5129E2B25}"
EndProject
Project("{FAE04EC0-301F-11D3-BF4B-00C04F79EFBC}") = "Day15", "Day15\Day15.csproj", "{F6EE2E4F-536C-4566-A851-BB27A9FDFD4E}"
EndProject
Project("{FAE04EC0-301F-11D3-BF4B-00C04F79EFBC}") = "Day16", "Day16\Day16.csproj", "{AFC1B520-8183-498C-9225-8CED2AA09DDA}"
EndProject
Project("{FAE04EC0-301F-11D3-BF4B-00C04F79EFBC}") = "Day17", "Day17\Day17.csproj", "{04F952CD-8900-40F4-8923-D3182A1C0013}"
EndProject
Project("{FAE04EC0-301F-11D3-BF4B-00C04F79EFBC}") = "Day18", "Day18\Day18.csproj", "{F16EAA18-9252-4662-8E1F-C1CAB0EF0FE7}"
EndProject
Project("{FAE04EC0-301F-11D3-BF4B-00C04F79EFBC}") = "Day19", "Day19\Day19.csproj", "{E917F072-6FDB-445C-A6BF-0CDE7CFE111C}"
EndProject
Project("{FAE04EC0-301F-11D3-BF4B-00C04F79EFBC}") = "Day20", "Day20\Day20.csproj", "{EAD446BE-BB22-4CE6-AE95-1D81D898D82B}"
EndProject
Project("{FAE04EC0-301F-11D3-BF4B-00C04F79EFBC}") = "Day22", "Day22\Day22.csproj", "{0DBFB29B-30BB-44BE-BE8F-98924B76DCA6}"
EndProject
Project("{FAE04EC0-301F-11D3-BF4B-00C04F79EFBC}") = "Day21", "Day21\Day21.csproj", "{684164E0-7BCD-49AF-84B9-2595C14BFBBB}"
EndProject
Project("{FAE04EC0-301F-11D3-BF4B-00C04F79EFBC}") = "Day23", "Day23\Day23.csproj", "{9FF7B499-54D2-4551-8C9B-9BE2D0F4611A}"
EndProject
Project("{FAE04EC0-301F-11D3-BF4B-00C04F79EFBC}") = "Day24", "Day24\Day24.csproj", "{4BB2283B-78EC-4A37-B3C3-A49D07D6EE27}"
EndProject
Project("{FAE04EC0-301F-11D3-BF4B-00C04F79EFBC}") = "Day25", "Day25\Day25.csproj", "{E0415396-659A-48F5-BA29-79BAA6292C18}"
EndProject
Global
	GlobalSection(SolutionConfigurationPlatforms) = preSolution
		Debug|Any CPU = Debug|Any CPU
		Release|Any CPU = Release|Any CPU
	EndGlobalSection
	GlobalSection(ProjectConfigurationPlatforms) = postSolution
		{3A3CC0A7-97A7-49E6-A93D-8C83D079D6E2}.Debug|Any CPU.ActiveCfg = Debug|Any CPU
		{3A3CC0A7-97A7-49E6-A93D-8C83D079D6E2}.Debug|Any CPU.Build.0 = Debug|Any CPU
		{3A3CC0A7-97A7-49E6-A93D-8C83D079D6E2}.Release|Any CPU.ActiveCfg = Release|Any CPU
		{3A3CC0A7-97A7-49E6-A93D-8C83D079D6E2}.Release|Any CPU.Build.0 = Release|Any CPU
		{52F0796F-7C6B-4E78-AAD3-1417D0E16E6D}.Debug|Any CPU.ActiveCfg = Debug|Any CPU
		{52F0796F-7C6B-4E78-AAD3-1417D0E16E6D}.Debug|Any CPU.Build.0 = Debug|Any CPU
		{52F0796F-7C6B-4E78-AAD3-1417D0E16E6D}.Release|Any CPU.ActiveCfg = Release|Any CPU
		{52F0796F-7C6B-4E78-AAD3-1417D0E16E6D}.Release|Any CPU.Build.0 = Release|Any CPU
		{B98C4D19-D563-4EF8-9895-8AFE00F2964C}.Debug|Any CPU.ActiveCfg = Debug|Any CPU
		{B98C4D19-D563-4EF8-9895-8AFE00F2964C}.Debug|Any CPU.Build.0 = Debug|Any CPU
		{B98C4D19-D563-4EF8-9895-8AFE00F2964C}.Release|Any CPU.ActiveCfg = Release|Any CPU
		{B98C4D19-D563-4EF8-9895-8AFE00F2964C}.Release|Any CPU.Build.0 = Release|Any CPU
		{905B4215-CA01-4571-BE93-3F5439DE9A4A}.Debug|Any CPU.ActiveCfg = Debug|Any CPU
		{905B4215-CA01-4571-BE93-3F5439DE9A4A}.Debug|Any CPU.Build.0 = Debug|Any CPU
		{905B4215-CA01-4571-BE93-3F5439DE9A4A}.Release|Any CPU.ActiveCfg = Release|Any CPU
		{905B4215-CA01-4571-BE93-3F5439DE9A4A}.Release|Any CPU.Build.0 = Release|Any CPU
		{FF44776D-2610-40DF-BAD4-5D12FE55AE20}.Debug|Any CPU.ActiveCfg = Debug|Any CPU
		{FF44776D-2610-40DF-BAD4-5D12FE55AE20}.Debug|Any CPU.Build.0 = Debug|Any CPU
		{FF44776D-2610-40DF-BAD4-5D12FE55AE20}.Release|Any CPU.ActiveCfg = Release|Any CPU
		{FF44776D-2610-40DF-BAD4-5D12FE55AE20}.Release|Any CPU.Build.0 = Release|Any CPU
		{6F3C6203-EAB0-4370-B3CB-EEDE06790BFF}.Debug|Any CPU.ActiveCfg = Debug|Any CPU
		{6F3C6203-EAB0-4370-B3CB-EEDE06790BFF}.Debug|Any CPU.Build.0 = Debug|Any CPU
		{6F3C6203-EAB0-4370-B3CB-EEDE06790BFF}.Release|Any CPU.ActiveCfg = Release|Any CPU
		{6F3C6203-EAB0-4370-B3CB-EEDE06790BFF}.Release|Any CPU.Build.0 = Release|Any CPU
		{D097F116-B3FD-4B22-9FA0-718C45B19AE0}.Debug|Any CPU.ActiveCfg = Debug|Any CPU
		{D097F116-B3FD-4B22-9FA0-718C45B19AE0}.Debug|Any CPU.Build.0 = Debug|Any CPU
		{D097F116-B3FD-4B22-9FA0-718C45B19AE0}.Release|Any CPU.ActiveCfg = Release|Any CPU
		{D097F116-B3FD-4B22-9FA0-718C45B19AE0}.Release|Any CPU.Build.0 = Release|Any CPU
		{65F0D4DF-4BB6-457F-BA72-E23A2D19669A}.Debug|Any CPU.ActiveCfg = Debug|Any CPU
		{65F0D4DF-4BB6-457F-BA72-E23A2D19669A}.Debug|Any CPU.Build.0 = Debug|Any CPU
		{65F0D4DF-4BB6-457F-BA72-E23A2D19669A}.Release|Any CPU.ActiveCfg = Release|Any CPU
		{65F0D4DF-4BB6-457F-BA72-E23A2D19669A}.Release|Any CPU.Build.0 = Release|Any CPU
		{C7DEC380-75EE-45FC-97D0-F5D93294E4FE}.Debug|Any CPU.ActiveCfg = Debug|Any CPU
		{C7DEC380-75EE-45FC-97D0-F5D93294E4FE}.Debug|Any CPU.Build.0 = Debug|Any CPU
		{C7DEC380-75EE-45FC-97D0-F5D93294E4FE}.Release|Any CPU.ActiveCfg = Release|Any CPU
		{C7DEC380-75EE-45FC-97D0-F5D93294E4FE}.Release|Any CPU.Build.0 = Release|Any CPU
		{FA48EC61-9601-4FA1-B5EE-A302CD3B3C70}.Debug|Any CPU.ActiveCfg = Debug|Any CPU
		{FA48EC61-9601-4FA1-B5EE-A302CD3B3C70}.Debug|Any CPU.Build.0 = Debug|Any CPU
		{FA48EC61-9601-4FA1-B5EE-A302CD3B3C70}.Release|Any CPU.ActiveCfg = Release|Any CPU
		{FA48EC61-9601-4FA1-B5EE-A302CD3B3C70}.Release|Any CPU.Build.0 = Release|Any CPU
		{17443A62-820F-4990-BB07-E1797E0621E1}.Debug|Any CPU.ActiveCfg = Debug|Any CPU
		{17443A62-820F-4990-BB07-E1797E0621E1}.Debug|Any CPU.Build.0 = Debug|Any CPU
		{17443A62-820F-4990-BB07-E1797E0621E1}.Release|Any CPU.ActiveCfg = Release|Any CPU
		{17443A62-820F-4990-BB07-E1797E0621E1}.Release|Any CPU.Build.0 = Release|Any CPU
		{E631CEE7-138F-4DA3-B608-74C3E216176E}.Debug|Any CPU.ActiveCfg = Debug|Any CPU
		{E631CEE7-138F-4DA3-B608-74C3E216176E}.Debug|Any CPU.Build.0 = Debug|Any CPU
		{E631CEE7-138F-4DA3-B608-74C3E216176E}.Release|Any CPU.ActiveCfg = Release|Any CPU
		{E631CEE7-138F-4DA3-B608-74C3E216176E}.Release|Any CPU.Build.0 = Release|Any CPU
		{B5FB09DB-8E7A-482E-B2C1-94FAB6D09964}.Debug|Any CPU.ActiveCfg = Debug|Any CPU
		{B5FB09DB-8E7A-482E-B2C1-94FAB6D09964}.Debug|Any CPU.Build.0 = Debug|Any CPU
		{B5FB09DB-8E7A-482E-B2C1-94FAB6D09964}.Release|Any CPU.ActiveCfg = Release|Any CPU
		{B5FB09DB-8E7A-482E-B2C1-94FAB6D09964}.Release|Any CPU.Build.0 = Release|Any CPU
		{818FCD73-0585-429B-9B2F-1DB5129E2B25}.Debug|Any CPU.ActiveCfg = Debug|Any CPU
		{818FCD73-0585-429B-9B2F-1DB5129E2B25}.Debug|Any CPU.Build.0 = Debug|Any CPU
		{818FCD73-0585-429B-9B2F-1DB5129E2B25}.Release|Any CPU.ActiveCfg = Release|Any CPU
		{818FCD73-0585-429B-9B2F-1DB5129E2B25}.Release|Any CPU.Build.0 = Release|Any CPU
		{F6EE2E4F-536C-4566-A851-BB27A9FDFD4E}.Debug|Any CPU.ActiveCfg = Debug|Any CPU
		{F6EE2E4F-536C-4566-A851-BB27A9FDFD4E}.Debug|Any CPU.Build.0 = Debug|Any CPU
		{F6EE2E4F-536C-4566-A851-BB27A9FDFD4E}.Release|Any CPU.ActiveCfg = Release|Any CPU
		{F6EE2E4F-536C-4566-A851-BB27A9FDFD4E}.Release|Any CPU.Build.0 = Release|Any CPU
		{AFC1B520-8183-498C-9225-8CED2AA09DDA}.Debug|Any CPU.ActiveCfg = Debug|Any CPU
		{AFC1B520-8183-498C-9225-8CED2AA09DDA}.Debug|Any CPU.Build.0 = Debug|Any CPU
		{AFC1B520-8183-498C-9225-8CED2AA09DDA}.Release|Any CPU.ActiveCfg = Release|Any CPU
		{AFC1B520-8183-498C-9225-8CED2AA09DDA}.Release|Any CPU.Build.0 = Release|Any CPU
		{04F952CD-8900-40F4-8923-D3182A1C0013}.Debug|Any CPU.ActiveCfg = Debug|Any CPU
		{04F952CD-8900-40F4-8923-D3182A1C0013}.Debug|Any CPU.Build.0 = Debug|Any CPU
		{04F952CD-8900-40F4-8923-D3182A1C0013}.Release|Any CPU.ActiveCfg = Release|Any CPU
		{04F952CD-8900-40F4-8923-D3182A1C0013}.Release|Any CPU.Build.0 = Release|Any CPU
		{F16EAA18-9252-4662-8E1F-C1CAB0EF0FE7}.Debug|Any CPU.ActiveCfg = Debug|Any CPU
		{F16EAA18-9252-4662-8E1F-C1CAB0EF0FE7}.Debug|Any CPU.Build.0 = Debug|Any CPU
		{F16EAA18-9252-4662-8E1F-C1CAB0EF0FE7}.Release|Any CPU.ActiveCfg = Release|Any CPU
		{F16EAA18-9252-4662-8E1F-C1CAB0EF0FE7}.Release|Any CPU.Build.0 = Release|Any CPU
		{E917F072-6FDB-445C-A6BF-0CDE7CFE111C}.Debug|Any CPU.ActiveCfg = Debug|Any CPU
		{E917F072-6FDB-445C-A6BF-0CDE7CFE111C}.Debug|Any CPU.Build.0 = Debug|Any CPU
		{E917F072-6FDB-445C-A6BF-0CDE7CFE111C}.Release|Any CPU.ActiveCfg = Release|Any CPU
		{E917F072-6FDB-445C-A6BF-0CDE7CFE111C}.Release|Any CPU.Build.0 = Release|Any CPU
		{EAD446BE-BB22-4CE6-AE95-1D81D898D82B}.Debug|Any CPU.ActiveCfg = Debug|Any CPU
		{EAD446BE-BB22-4CE6-AE95-1D81D898D82B}.Debug|Any CPU.Build.0 = Debug|Any CPU
		{EAD446BE-BB22-4CE6-AE95-1D81D898D82B}.Release|Any CPU.ActiveCfg = Release|Any CPU
		{EAD446BE-BB22-4CE6-AE95-1D81D898D82B}.Release|Any CPU.Build.0 = Release|Any CPU
		{0DBFB29B-30BB-44BE-BE8F-98924B76DCA6}.Debug|Any CPU.ActiveCfg = Debug|Any CPU
		{0DBFB29B-30BB-44BE-BE8F-98924B76DCA6}.Debug|Any CPU.Build.0 = Debug|Any CPU
		{0DBFB29B-30BB-44BE-BE8F-98924B76DCA6}.Release|Any CPU.ActiveCfg = Release|Any CPU
		{0DBFB29B-30BB-44BE-BE8F-98924B76DCA6}.Release|Any CPU.Build.0 = Release|Any CPU
		{684164E0-7BCD-49AF-84B9-2595C14BFBBB}.Debug|Any CPU.ActiveCfg = Debug|Any CPU
		{684164E0-7BCD-49AF-84B9-2595C14BFBBB}.Debug|Any CPU.Build.0 = Debug|Any CPU
		{684164E0-7BCD-49AF-84B9-2595C14BFBBB}.Release|Any CPU.ActiveCfg = Release|Any CPU
		{684164E0-7BCD-49AF-84B9-2595C14BFBBB}.Release|Any CPU.Build.0 = Release|Any CPU
		{9FF7B499-54D2-4551-8C9B-9BE2D0F4611A}.Debug|Any CPU.ActiveCfg = Debug|Any CPU
		{9FF7B499-54D2-4551-8C9B-9BE2D0F4611A}.Debug|Any CPU.Build.0 = Debug|Any CPU
		{9FF7B499-54D2-4551-8C9B-9BE2D0F4611A}.Release|Any CPU.ActiveCfg = Release|Any CPU
		{9FF7B499-54D2-4551-8C9B-9BE2D0F4611A}.Release|Any CPU.Build.0 = Release|Any CPU
		{4BB2283B-78EC-4A37-B3C3-A49D07D6EE27}.Debug|Any CPU.ActiveCfg = Debug|Any CPU
		{4BB2283B-78EC-4A37-B3C3-A49D07D6EE27}.Debug|Any CPU.Build.0 = Debug|Any CPU
		{4BB2283B-78EC-4A37-B3C3-A49D07D6EE27}.Release|Any CPU.ActiveCfg = Release|Any CPU
		{4BB2283B-78EC-4A37-B3C3-A49D07D6EE27}.Release|Any CPU.Build.0 = Release|Any CPU
		{E0415396-659A-48F5-BA29-79BAA6292C18}.Debug|Any CPU.ActiveCfg = Debug|Any CPU
		{E0415396-659A-48F5-BA29-79BAA6292C18}.Debug|Any CPU.Build.0 = Debug|Any CPU
		{E0415396-659A-48F5-BA29-79BAA6292C18}.Release|Any CPU.ActiveCfg = Release|Any CPU
		{E0415396-659A-48F5-BA29-79BAA6292C18}.Release|Any CPU.Build.0 = Release|Any CPU
	EndGlobalSection
EndGlobal
