
Microsoft Visual Studio Solution File, Format Version 12.00
Project("{FAE04EC0-301F-11D3-BF4B-00C04F79EFBC}") = "Day01", "Day01\Day01.csproj", "{3A3CC0A7-97A7-49E6-A93D-8C83D079D6E2}"
EndProject
Project("{FAE04EC0-301F-11D3-BF4B-00C04F79EFBC}") = "Day02", "Day02\Day02.csproj", "{52F0796F-7C6B-4E78-AAD3-1417D0E16E6D}"
EndProject
Project("{FAE04EC0-301F-11D3-BF4B-00C04F79EFBC}") = "Day03", "Day03\Day03.csproj", "{B98C4D19-D563-4EF8-9895-8AFE00F2964C}"
EndProject
Project("{FAE04EC0-301F-11D3-BF4B-00C04F79EFBC}") = "Day04", "Day04\Day04.csproj", "{905B4215-CA01-4571-BE93-3F5439DE9A4A}"
EndProject
Project("{FAE04EC0-301F-11D3-BF4B-00C04F79EFBC}") = "Day05", "Day05\Day05.csproj", "{FF44776D-2610-40DF-BAD4-5D12FE55AE20}"
EndProject
Global
	GlobalSection(SolutionConfigurationPlatforms) = preSolution
		Debug|Any CPU = Debug|Any CPU
		Release|Any CPU = Release|Any CPU
	EndGlobalSection
	GlobalSection(ProjectConfigurationPlatforms) = postSolution
		{3A3CC0A7-97A7-49E6-A93D-8C83D079D6E2}.Debug|Any CPU.ActiveCfg = Debug|Any CPU
		{3A3CC0A7-97A7-49E6-A93D-8C83D079D6E2}.Debug|Any CPU.Build.0 = Debug|Any CPU
		{3A3CC0A7-97A7-49E6-A93D-8C83D079D6E2}.Release|Any CPU.ActiveCfg = Release|Any CPU
		{3A3CC0A7-97A7-49E6-A93D-8C83D079D6E2}.Release|Any CPU.Build.0 = Release|Any CPU
		{52F0796F-7C6B-4E78-AAD3-1417D0E16E6D}.Debug|Any CPU.ActiveCfg = Debug|Any CPU
		{52F0796F-7C6B-4E78-AAD3-1417D0E16E6D}.Debug|Any CPU.Build.0 = Debug|Any CPU
		{52F0796F-7C6B-4E78-AAD3-1417D0E16E6D}.Release|Any CPU.ActiveCfg = Release|Any CPU
		{52F0796F-7C6B-4E78-AAD3-1417D0E16E6D}.Release|Any CPU.Build.0 = Release|Any CPU
		{B98C4D19-D563-4EF8-9895-8AFE00F2964C}.Debug|Any CPU.ActiveCfg = Debug|Any CPU
		{B98C4D19-D563-4EF8-9895-8AFE00F2964C}.Debug|Any CPU.Build.0 = Debug|Any CPU
		{B98C4D19-D563-4EF8-9895-8AFE00F2964C}.Release|Any CPU.ActiveCfg = Release|Any CPU
		{B98C4D19-D563-4EF8-9895-8AFE00F2964C}.Release|Any CPU.Build.0 = Release|Any CPU
		{905B4215-CA01-4571-BE93-3F5439DE9A4A}.Debug|Any CPU.ActiveCfg = Debug|Any CPU
		{905B4215-CA01-4571-BE93-3F5439DE9A4A}.Debug|Any CPU.Build.0 = Debug|Any CPU
		{905B4215-CA01-4571-BE93-3F5439DE9A4A}.Release|Any CPU.ActiveCfg = Release|Any CPU
		{905B4215-CA01-4571-BE93-3F5439DE9A4A}.Release|Any CPU.Build.0 = Release|Any CPU
		{FF44776D-2610-40DF-BAD4-5D12FE55AE20}.Debug|Any CPU.ActiveCfg = Debug|Any CPU
		{FF44776D-2610-40DF-BAD4-5D12FE55AE20}.Debug|Any CPU.Build.0 = Debug|Any CPU
		{FF44776D-2610-40DF-BAD4-5D12FE55AE20}.Release|Any CPU.ActiveCfg = Release|Any CPU
		{FF44776D-2610-40DF-BAD4-5D12FE55AE20}.Release|Any CPU.Build.0 = Release|Any CPU
	EndGlobalSection
EndGlobal
